
Microsoft Visual Studio Solution File, Format Version 12.00
# Visual Studio 14
VisualStudioVersion = 14.0.24720.0
MinimumVisualStudioVersion = 10.0.40219.1
Project("{FAE04EC0-301F-11D3-BF4B-00C04F79EFBC}") = "Latihan_1_1", "Latihan_1_1\Latihan_1_1.csproj", "{BBF823BC-AD9D-4FF2-9BB5-CA83863C6009}"
EndProject
Project("{FAE04EC0-301F-11D3-BF4B-00C04F79EFBC}") = "Latihan_1_2", "Latihan_1_2\Latihan_1_2.csproj", "{EC513055-D36C-48CC-B3F8-EEDD1A02B6E4}"
EndProject
Project("{FAE04EC0-301F-11D3-BF4B-00C04F79EFBC}") = "Latihan_2_1", "Latihan_2_1\Latihan_2_1.csproj", "{C788A2AB-BD0F-4A52-8EEE-DE722F1209E3}"
EndProject
Project("{FAE04EC0-301F-11D3-BF4B-00C04F79EFBC}") = "Latihan_3_1", "Latihan_3_1\Latihan_3_1.csproj", "{9C523342-D4C8-46AB-947F-7DD618CE72C7}"
EndProject
Project("{FAE04EC0-301F-11D3-BF4B-00C04F79EFBC}") = "Latihan_4_1", "Latihan_4_1\Latihan_4_1.csproj", "{4CBB8DB6-D72C-4287-A747-A6D9984533E8}"
EndProject
Project("{FAE04EC0-301F-11D3-BF4B-00C04F79EFBC}") = "Latihan_5_1", "Latihan_5_1\Latihan_5_1.csproj", "{63AEB431-636B-4A8B-B6AE-9670FFFE2038}"
EndProject
Project("{FAE04EC0-301F-11D3-BF4B-00C04F79EFBC}") = "volleyball_problem", "volleyball_problem\volleyball_problem.csproj", "{0E79EA4B-DDF9-4D1D-BE52-718E13E7FE12}"
EndProject
Global
	GlobalSection(SolutionConfigurationPlatforms) = preSolution
		Debug|Any CPU = Debug|Any CPU
		Release|Any CPU = Release|Any CPU
	EndGlobalSection
	GlobalSection(ProjectConfigurationPlatforms) = postSolution
		{BBF823BC-AD9D-4FF2-9BB5-CA83863C6009}.Debug|Any CPU.ActiveCfg = Debug|Any CPU
		{BBF823BC-AD9D-4FF2-9BB5-CA83863C6009}.Debug|Any CPU.Build.0 = Debug|Any CPU
		{BBF823BC-AD9D-4FF2-9BB5-CA83863C6009}.Release|Any CPU.ActiveCfg = Release|Any CPU
		{BBF823BC-AD9D-4FF2-9BB5-CA83863C6009}.Release|Any CPU.Build.0 = Release|Any CPU
		{EC513055-D36C-48CC-B3F8-EEDD1A02B6E4}.Debug|Any CPU.ActiveCfg = Debug|Any CPU
		{EC513055-D36C-48CC-B3F8-EEDD1A02B6E4}.Debug|Any CPU.Build.0 = Debug|Any CPU
		{EC513055-D36C-48CC-B3F8-EEDD1A02B6E4}.Release|Any CPU.ActiveCfg = Release|Any CPU
		{EC513055-D36C-48CC-B3F8-EEDD1A02B6E4}.Release|Any CPU.Build.0 = Release|Any CPU
		{C788A2AB-BD0F-4A52-8EEE-DE722F1209E3}.Debug|Any CPU.ActiveCfg = Debug|Any CPU
		{C788A2AB-BD0F-4A52-8EEE-DE722F1209E3}.Debug|Any CPU.Build.0 = Debug|Any CPU
		{C788A2AB-BD0F-4A52-8EEE-DE722F1209E3}.Release|Any CPU.ActiveCfg = Release|Any CPU
		{C788A2AB-BD0F-4A52-8EEE-DE722F1209E3}.Release|Any CPU.Build.0 = Release|Any CPU
		{9C523342-D4C8-46AB-947F-7DD618CE72C7}.Debug|Any CPU.ActiveCfg = Debug|Any CPU
		{9C523342-D4C8-46AB-947F-7DD618CE72C7}.Debug|Any CPU.Build.0 = Debug|Any CPU
		{9C523342-D4C8-46AB-947F-7DD618CE72C7}.Release|Any CPU.ActiveCfg = Release|Any CPU
		{9C523342-D4C8-46AB-947F-7DD618CE72C7}.Release|Any CPU.Build.0 = Release|Any CPU
		{4CBB8DB6-D72C-4287-A747-A6D9984533E8}.Debug|Any CPU.ActiveCfg = Debug|Any CPU
		{4CBB8DB6-D72C-4287-A747-A6D9984533E8}.Debug|Any CPU.Build.0 = Debug|Any CPU
		{4CBB8DB6-D72C-4287-A747-A6D9984533E8}.Release|Any CPU.ActiveCfg = Release|Any CPU
		{4CBB8DB6-D72C-4287-A747-A6D9984533E8}.Release|Any CPU.Build.0 = Release|Any CPU
		{63AEB431-636B-4A8B-B6AE-9670FFFE2038}.Debug|Any CPU.ActiveCfg = Debug|Any CPU
		{63AEB431-636B-4A8B-B6AE-9670FFFE2038}.Debug|Any CPU.Build.0 = Debug|Any CPU
		{63AEB431-636B-4A8B-B6AE-9670FFFE2038}.Release|Any CPU.ActiveCfg = Release|Any CPU
		{63AEB431-636B-4A8B-B6AE-9670FFFE2038}.Release|Any CPU.Build.0 = Release|Any CPU
		{0E79EA4B-DDF9-4D1D-BE52-718E13E7FE12}.Debug|Any CPU.ActiveCfg = Debug|Any CPU
		{0E79EA4B-DDF9-4D1D-BE52-718E13E7FE12}.Debug|Any CPU.Build.0 = Debug|Any CPU
		{0E79EA4B-DDF9-4D1D-BE52-718E13E7FE12}.Release|Any CPU.ActiveCfg = Release|Any CPU
		{0E79EA4B-DDF9-4D1D-BE52-718E13E7FE12}.Release|Any CPU.Build.0 = Release|Any CPU
	EndGlobalSection
	GlobalSection(SolutionProperties) = preSolution
		HideSolutionNode = FALSE
	EndGlobalSection
EndGlobal
